
Microsoft Visual Studio Solution File, Format Version 12.00
# Visual Studio Version 16
VisualStudioVersion = 16.0.32510.428
MinimumVisualStudioVersion = 10.0.40219.1
Project("{FAE04EC0-301F-11D3-BF4B-00C04F79EFBC}") = "QLBSACH", "QLBSACH\QLBSACH.csproj", "{671A3735-2248-49E7-A21C-88C9E762F6BA}"
EndProject
Global
	GlobalSection(SolutionConfigurationPlatforms) = preSolution
		Debug|Any CPU = Debug|Any CPU
		Release|Any CPU = Release|Any CPU
	EndGlobalSection
	GlobalSection(ProjectConfigurationPlatforms) = postSolution
		{671A3735-2248-49E7-A21C-88C9E762F6BA}.Debug|Any CPU.ActiveCfg = Debug|Any CPU
		{671A3735-2248-49E7-A21C-88C9E762F6BA}.Debug|Any CPU.Build.0 = Debug|Any CPU
		{671A3735-2248-49E7-A21C-88C9E762F6BA}.Release|Any CPU.ActiveCfg = Release|Any CPU
		{671A3735-2248-49E7-A21C-88C9E762F6BA}.Release|Any CPU.Build.0 = Release|Any CPU
	EndGlobalSection
	GlobalSection(SolutionProperties) = preSolution
		HideSolutionNode = FALSE
	EndGlobalSection
	GlobalSection(ExtensibilityGlobals) = postSolution
		SolutionGuid = {F24FADE5-4A33-46A8-BC0B-9860103E6338}
	EndGlobalSection
EndGlobal
